
Microsoft Visual Studio Solution File, Format Version 12.00
# Visual Studio Version 16
VisualStudioVersion = 16.0.31402.337
MinimumVisualStudioVersion = 10.0.40219.1
Project("{FAE04EC0-301F-11D3-BF4B-00C04F79EFBC}") = "LibraryManagment", "BookStore2\LibraryManagment.csproj", "{54706299-6C42-4B03-B4CA-7C83E74F8540}"
EndProject
Global
	GlobalSection(SolutionConfigurationPlatforms) = preSolution
		Debug|Any CPU = Debug|Any CPU
		Release|Any CPU = Release|Any CPU
	EndGlobalSection
	GlobalSection(ProjectConfigurationPlatforms) = postSolution
		{54706299-6C42-4B03-B4CA-7C83E74F8540}.Debug|Any CPU.ActiveCfg = Debug|Any CPU
		{54706299-6C42-4B03-B4CA-7C83E74F8540}.Debug|Any CPU.Build.0 = Debug|Any CPU
		{54706299-6C42-4B03-B4CA-7C83E74F8540}.Release|Any CPU.ActiveCfg = Release|Any CPU
		{54706299-6C42-4B03-B4CA-7C83E74F8540}.Release|Any CPU.Build.0 = Release|Any CPU
	EndGlobalSection
	GlobalSection(SolutionProperties) = preSolution
		HideSolutionNode = FALSE
	EndGlobalSection
	GlobalSection(ExtensibilityGlobals) = postSolution
		SolutionGuid = {6AFAB534-707F-448A-92E2-285D11E353DB}
	EndGlobalSection
EndGlobal
